// !$*UTF8*$!
{
	archiveVersion = 1;
	classes = {
	};
	objectVersion = 50;
	objects = {

/* Begin PBXBuildFile section */
		AF288B2425B7F97300D5FBBA /* AppDelegate.swift in Sources */ = {isa = PBXBuildFile; fileRef = AF288B2325B7F97300D5FBBA /* AppDelegate.swift */; };
		AF288B2625B7F97300D5FBBA /* SceneDelegate.swift in Sources */ = {isa = PBXBuildFile; fileRef = AF288B2525B7F97300D5FBBA /* SceneDelegate.swift */; };
		AF288B2825B7F97300D5FBBA /* ViewController.swift in Sources */ = {isa = PBXBuildFile; fileRef = AF288B2725B7F97300D5FBBA /* ViewController.swift */; };
		AF288B2B25B7F97300D5FBBA /* Main.storyboard in Resources */ = {isa = PBXBuildFile; fileRef = AF288B2925B7F97300D5FBBA /* Main.storyboard */; };
		AF288B2D25B7F97800D5FBBA /* Assets.xcassets in Resources */ = {isa = PBXBuildFile; fileRef = AF288B2C25B7F97800D5FBBA /* Assets.xcassets */; };
		AF288B3025B7F97800D5FBBA /* LaunchScreen.storyboard in Resources */ = {isa = PBXBuildFile; fileRef = AF288B2E25B7F97800D5FBBA /* LaunchScreen.storyboard */; };
/* End PBXBuildFile section */

/* Begin PBXFileReference section */
		AF288B2025B7F97300D5FBBA /* T-Converter.app */ = {isa = PBXFileReference; explicitFileType = wrapper.application; includeInIndex = 0; path = "T-Converter.app"; sourceTree = BUILT_PRODUCTS_DIR; };
		AF288B2325B7F97300D5FBBA /* AppDelegate.swift */ = {isa = PBXFileReference; lastKnownFileType = sourcecode.swift; path = AppDelegate.swift; sourceTree = "<group>"; };
		AF288B2525B7F97300D5FBBA /* SceneDelegate.swift */ = {isa = PBXFileReference; lastKnownFileType = sourcecode.swift; path = SceneDelegate.swift; sourceTree = "<group>"; };
		AF288B2725B7F97300D5FBBA /* ViewController.swift */ = {isa = PBXFileReference; lastKnownFileType = sourcecode.swift; path = ViewController.swift; sourceTree = "<group>"; };
		AF288B2A25B7F97300D5FBBA /* Base */ = {isa = PBXFileReference; lastKnownFileType = file.storyboard; name = Base; path = Base.lproj/Main.storyboard; sourceTree = "<group>"; };
		AF288B2C25B7F97800D5FBBA /* Assets.xcassets */ = {isa = PBXFileReference; lastKnownFileType = folder.assetcatalog; path = Assets.xcassets; sourceTree = "<group>"; };
		AF288B2F25B7F97800D5FBBA /* Base */ = {isa = PBXFileReference; lastKnownFileType = file.storyboard; name = Base; path = Base.lproj/LaunchScreen.storyboard; sourceTree = "<group>"; };
		AF288B3125B7F97800D5FBBA /* Info.plist */ = {isa = PBXFileReference; lastKnownFileType = text.plist.xml; path = Info.plist; sourceTree = "<group>"; };
/* End PBXFileReference section */

/* Begin PBXFrameworksBuildPhase section */
		AF288B1D25B7F97300D5FBBA /* Frameworks */ = {
			isa = PBXFrameworksBuildPhase;
			buildActionMask = 2147483647;
			files = (
			);
			runOnlyForDeploymentPostprocessing = 0;
		};
/* End PBXFrameworksBuildPhase section */

/* Begin PBXGroup section */
		AF288B1725B7F97300D5FBBA = {
			isa = PBXGroup;
			children = (
				AF288B2225B7F97300D5FBBA /* T-Converter */,
				AF288B2125B7F97300D5FBBA /* Products */,
			);
			sourceTree = "<group>";
		};
		AF288B2125B7F97300D5FBBA /* Products */ = {
			isa = PBXGroup;
			children = (
				AF288B2025B7F97300D5FBBA /* T-Converter.app */,
			);
			name = Products;
			sourceTree = "<group>";
		};
		AF288B2225B7F97300D5FBBA /* T-Converter */ = {
			isa = PBXGroup;
			children = (
				AF288B2325B7F97300D5FBBA /* AppDelegate.swift */,
				AF288B2525B7F97300D5FBBA /* SceneDelegate.swift */,
				AF288B2725B7F97300D5FBBA /* ViewController.swift */,
				AF288B2925B7F97300D5FBBA /* Main.storyboard */,
				AF288B2C25B7F97800D5FBBA /* Assets.xcassets */,
				AF288B2E25B7F97800D5FBBA /* LaunchScreen.storyboard */,
				AF288B3125B7F97800D5FBBA /* Info.plist */,
			);
			path = "T-Converter";
			sourceTree = "<group>";
		};
/* End PBXGroup section */

/* Begin PBXNativeTarget section */
		AF288B1F25B7F97300D5FBBA /* T-Converter */ = {
			isa = PBXNativeTarget;
			buildConfigurationList = AF288B3425B7F97800D5FBBA /* Build configuration list for PBXNativeTarget "T-Converter" */;
			buildPhases = (
				AF288B1C25B7F97300D5FBBA /* Sources */,
				AF288B1D25B7F97300D5FBBA /* Frameworks */,
				AF288B1E25B7F97300D5FBBA /* Resources */,
			);
			buildRules = (
			);
			dependencies = (
			);
			name = "T-Converter";
			productName = "T-Converter";
			productReference = AF288B2025B7F97300D5FBBA /* T-Converter.app */;
			productType = "com.apple.product-type.application";
		};
/* End PBXNativeTarget section */

/* Begin PBXProject section */
		AF288B1825B7F97300D5FBBA /* Project object */ = {
			isa = PBXProject;
			attributes = {
				LastSwiftUpdateCheck = 1130;
				LastUpgradeCheck = 1130;
				ORGANIZATIONNAME = "Artem Listopadov";
				TargetAttributes = {
					AF288B1F25B7F97300D5FBBA = {
						CreatedOnToolsVersion = 11.3;
					};
				};
			};
			buildConfigurationList = AF288B1B25B7F97300D5FBBA /* Build configuration list for PBXProject "T-Converter" */;
			compatibilityVersion = "Xcode 9.3";
			developmentRegion = en;
			hasScannedForEncodings = 0;
			knownRegions = (
				en,
				Base,
			);
			mainGroup = AF288B1725B7F97300D5FBBA;
			productRefGroup = AF288B2125B7F97300D5FBBA /* Products */;
			projectDirPath = "";
			projectRoot = "";
			targets = (
				AF288B1F25B7F97300D5FBBA /* T-Converter */,
			);
		};
/* End PBXProject section */

/* Begin PBXResourcesBuildPhase section */
		AF288B1E25B7F97300D5FBBA /* Resources */ = {
			isa = PBXResourcesBuildPhase;
			buildActionMask = 2147483647;
			files = (
				AF288B3025B7F97800D5FBBA /* LaunchScreen.storyboard in Resources */,
				AF288B2D25B7F97800D5FBBA /* Assets.xcassets in Resources */,
				AF288B2B25B7F97300D5FBBA /* Main.storyboard in Resources */,
			);
			runOnlyForDeploymentPostprocessing = 0;
		};
/* End PBXResourcesBuildPhase section */

/* Begin PBXSourcesBuildPhase section */
		AF288B1C25B7F97300D5FBBA /* Sources */ = {
			isa = PBXSourcesBuildPhase;
			buildActionMask = 2147483647;
			files = (
				AF288B2825B7F97300D5FBBA /* ViewController.swift in Sources */,
				AF288B2425B7F97300D5FBBA /* AppDelegate.swift in Sources */,
				AF288B2625B7F97300D5FBBA /* SceneDelegate.swift in Sources */,
			);
			runOnlyForDeploymentPostprocessing = 0;
		};
/* End PBXSourcesBuildPhase section */

/* Begin PBXVariantGroup section */
		AF288B2925B7F97300D5FBBA /* Main.storyboard */ = {
			isa = PBXVariantGroup;
			children = (
				AF288B2A25B7F97300D5FBBA /* Base */,
			);
			name = Main.storyboard;
			sourceTree = "<group>";
		};
		AF288B2E25B7F97800D5FBBA /* LaunchScreen.storyboard */ = {
			isa = PBXVariantGroup;
			children = (
				AF288B2F25B7F97800D5FBBA /* Base */,
			);
			name = LaunchScreen.storyboard;
			sourceTree = "<group>";
		};
/* End PBXVariantGroup section */

/* Begin XCBuildConfiguration section */
		AF288B3225B7F97800D5FBBA /* Debug */ = {
			isa = XCBuildConfiguration;
			buildSettings = {
				ALWAYS_SEARCH_USER_PATHS = NO;
				CLANG_ANALYZER_NONNULL = YES;
				CLANG_ANALYZER_NUMBER_OBJECT_CONVERSION = YES_AGGRESSIVE;
				CLANG_CXX_LANGUAGE_STANDARD = "gnu++14";
				CLANG_CXX_LIBRARY = "libc++";
				CLANG_ENABLE_MODULES = YES;
				CLANG_ENABLE_OBJC_ARC = YES;
				CLANG_ENABLE_OBJC_WEAK = YES;
				CLANG_WARN_BLOCK_CAPTURE_AUTORELEASING = YES;
				CLANG_WARN_BOOL_CONVERSION = YES;
				CLANG_WARN_COMMA = YES;
				CLANG_WARN_CONSTANT_CONVERSION = YES;
				CLANG_WARN_DEPRECATED_OBJC_IMPLEMENTATIONS = YES;
				CLANG_WARN_DIRECT_OBJC_ISA_USAGE = YES_ERROR;
				CLANG_WARN_DOCUMENTATION_COMMENTS = YES;
				CLANG_WARN_EMPTY_BODY = YES;
				CLANG_WARN_ENUM_CONVERSION = YES;
				CLANG_WARN_INFINITE_RECURSION = YES;
				CLANG_WARN_INT_CONVERSION = YES;
				CLANG_WARN_NON_LITERAL_NULL_CONVERSION = YES;
				CLANG_WARN_OBJC_IMPLICIT_RETAIN_SELF = YES;
				CLANG_WARN_OBJC_LITERAL_CONVERSION = YES;
				CLANG_WARN_OBJC_ROOT_CLASS = YES_ERROR;
				CLANG_WARN_RANGE_LOOP_ANALYSIS = YES;
				CLANG_WARN_STRICT_PROTOTYPES = YES;
				CLANG_WARN_SUSPICIOUS_MOVE = YES;
				CLANG_WARN_UNGUARDED_AVAILABILITY = YES_AGGRESSIVE;
				CLANG_WARN_UNREACHABLE_CODE = YES;
				CLANG_WARN__DUPLICATE_METHOD_MATCH = YES;
				COPY_PHASE_STRIP = NO;
				DEBUG_INFORMATION_FORMAT = dwarf;
				ENABLE_STRICT_OBJC_MSGSEND = YES;
				ENABLE_TESTABILITY = YES;
				GCC_C_LANGUAGE_STANDARD = gnu11;
				GCC_DYNAMIC_NO_PIC = NO;
				GCC_NO_COMMON_BLOCKS = YES;
				GCC_OPTIMIZATION_LEVEL = 0;
				GCC_PREPROCESSOR_DEFINITIONS = (
					"DEBUG=1",
					"$(inherited)",
				);
				GCC_WARN_64_TO_32_BIT_CONVERSION = YES;
				GCC_WARN_ABOUT_RETURN_TYPE = YES_ERROR;
				GCC_WARN_UNDECLARED_SELECTOR = YES;
				GCC_WARN_UNINITIALIZED_AUTOS = YES_AGGRESSIVE;
				GCC_WARN_UNUSED_FUNCTION = YES;
				GCC_WARN_UNUSED_VARIABLE = YES;
				IPHONEOS_DEPLOYMENT_TARGET = 13.2;
				MTL_ENABLE_DEBUG_INFO = INCLUDE_SOURCE;
				MTL_FAST_MATH = YES;
				ONLY_ACTIVE_ARCH = YES;
				SDKROOT = iphoneos;
				SWIFT_ACTIVE_COMPILATION_CONDITIONS = DEBUG;
				SWIFT_OPTIMIZATION_LEVEL = "-Onone";
			};
			name = Debug;
		};
		AF288B3325B7F97800D5FBBA /* Release */ = {
			isa = XCBuildConfiguration;
			buildSettings = {
				ALWAYS_SEARCH_USER_PATHS = NO;
				CLANG_ANALYZER_NONNULL = YES;
				CLANG_ANALYZER_NUMBER_OBJECT_CONVERSION = YES_AGGRESSIVE;
				CLANG_CXX_LANGUAGE_STANDARD = "gnu++14";
				CLANG_CXX_LIBRARY = "libc++";
				CLANG_ENABLE_MODULES = YES;
				CLANG_ENABLE_OBJC_ARC = YES;
				CLANG_ENABLE_OBJC_WEAK = YES;
				CLANG_WARN_BLOCK_CAPTURE_AUTORELEASING = YES;
				CLANG_WARN_BOOL_CONVERSION = YES;
				CLANG_WARN_COMMA = YES;
				CLANG_WARN_CONSTANT_CONVERSION = YES;
				CLANG_WARN_DEPRECATED_OBJC_IMPLEMENTATIONS = YES;
				CLANG_WARN_DIRECT_OBJC_ISA_USAGE = YES_ERROR;
				CLANG_WARN_DOCUMENTATION_COMMENTS = YES;
				CLANG_WARN_EMPTY_BODY = YES;
				CLANG_WARN_ENUM_CONVERSION = YES;
				CLANG_WARN_INFINITE_RECURSION = YES;
				CLANG_WARN_INT_CONVERSION = YES;
				CLANG_WARN_NON_LITERAL_NULL_CONVERSION = YES;
				CLANG_WARN_OBJC_IMPLICIT_RETAIN_SELF = YES;
				CLANG_WARN_OBJC_LITERAL_CONVERSION = YES;
				CLANG_WARN_OBJC_ROOT_CLASS = YES_ERROR;
				CLANG_WARN_RANGE_LOOP_ANALYSIS = YES;
				CLANG_WARN_STRICT_PROTOTYPES = YES;
				CLANG_WARN_SUSPICIOUS_MOVE = YES;
				CLANG_WARN_UNGUARDED_AVAILABILITY = YES_AGGRESSIVE;
				CLANG_WARN_UNREACHABLE_CODE = YES;
				CLANG_WARN__DUPLICATE_METHOD_MATCH = YES;
				COPY_PHASE_STRIP = NO;
				DEBUG_INFORMATION_FORMAT = "dwarf-with-dsym";
				ENABLE_NS_ASSERTIONS = NO;
				ENABLE_STRICT_OBJC_MSGSEND = YES;
				GCC_C_LANGUAGE_STANDARD = gnu11;
				GCC_NO_COMMON_BLOCKS = YES;
				GCC_WARN_64_TO_32_BIT_CONVERSION = YES;
				GCC_WARN_ABOUT_RETURN_TYPE = YES_ERROR;
				GCC_WARN_UNDECLARED_SELECTOR = YES;
				GCC_WARN_UNINITIALIZED_AUTOS = YES_AGGRESSIVE;
				GCC_WARN_UNUSED_FUNCTION = YES;
				GCC_WARN_UNUSED_VARIABLE = YES;
				IPHONEOS_DEPLOYMENT_TARGET = 13.2;
				MTL_ENABLE_DEBUG_INFO = NO;
				MTL_FAST_MATH = YES;
				SDKROOT = iphoneos;
				SWIFT_COMPILATION_MODE = wholemodule;
				SWIFT_OPTIMIZATION_LEVEL = "-O";
				VALIDATE_PRODUCT = YES;
			};
			name = Release;
		};
		AF288B3525B7F97800D5FBBA /* Debug */ = {
			isa = XCBuildConfiguration;
			buildSettings = {
				ASSETCATALOG_COMPILER_APPICON_NAME = AppIcon;
				CODE_SIGN_STYLE = Automatic;
				DEVELOPMENT_TEAM = 6H65T22SG4;
				INFOPLIST_FILE = "T-Converter/Info.plist";
				LD_RUNPATH_SEARCH_PATHS = (
					"$(inherited)",
					"@executable_path/Frameworks",
				);
				PRODUCT_BUNDLE_IDENTIFIER = "Artem-Listopadov.by.T-Converter";
				PRODUCT_NAME = "$(TARGET_NAME)";
				SWIFT_VERSION = 5.0;
				TARGETED_DEVICE_FAMILY = "1,2";
			};
			name = Debug;
		};
		AF288B3625B7F97800D5FBBA /* Release */ = {
			isa = XCBuildConfiguration;
			buildSettings = {
				ASSETCATALOG_COMPILER_APPICON_NAME = AppIcon;
				CODE_SIGN_STYLE = Automatic;
				DEVELOPMENT_TEAM = 6H65T22SG4;
				INFOPLIST_FILE = "T-Converter/Info.plist";
				LD_RUNPATH_SEARCH_PATHS = (
					"$(inherited)",
					"@executable_path/Frameworks",
				);
				PRODUCT_BUNDLE_IDENTIFIER = "Artem-Listopadov.by.T-Converter";
				PRODUCT_NAME = "$(TARGET_NAME)";
				SWIFT_VERSION = 5.0;
				TARGETED_DEVICE_FAMILY = "1,2";
			};
			name = Release;
		};
/* End XCBuildConfiguration section */

/* Begin XCConfigurationList section */
		AF288B1B25B7F97300D5FBBA /* Build configuration list for PBXProject "T-Converter" */ = {
			isa = XCConfigurationList;
			buildConfigurations = (
				AF288B3225B7F97800D5FBBA /* Debug */,
				AF288B3325B7F97800D5FBBA /* Release */,
			);
			defaultConfigurationIsVisible = 0;
			defaultConfigurationName = Release;
		};
		AF288B3425B7F97800D5FBBA /* Build configuration list for PBXNativeTarget "T-Converter" */ = {
			isa = XCConfigurationList;
			buildConfigurations = (
				AF288B3525B7F97800D5FBBA /* Debug */,
				AF288B3625B7F97800D5FBBA /* Release */,
			);
			defaultConfigurationIsVisible = 0;
			defaultConfigurationName = Release;
		};
/* End XCConfigurationList section */
	};
	rootObject = AF288B1825B7F97300D5FBBA /* Project object */;
}
